
Microsoft Visual Studio Solution File, Format Version 12.00
# Visual Studio Version 16
VisualStudioVersion = 16.0.31729.503
MinimumVisualStudioVersion = 10.0.40219.1
Project("{FAE04EC0-301F-11D3-BF4B-00C04F79EFBC}") = "proj9Aula3", "proj9Aula3\proj9Aula3.csproj", "{00158913-B609-4A52-B6DC-B75BC3C5963E}"
EndProject
Global
	GlobalSection(SolutionConfigurationPlatforms) = preSolution
		Debug|Any CPU = Debug|Any CPU
		Release|Any CPU = Release|Any CPU
	EndGlobalSection
	GlobalSection(ProjectConfigurationPlatforms) = postSolution
		{00158913-B609-4A52-B6DC-B75BC3C5963E}.Debug|Any CPU.ActiveCfg = Debug|Any CPU
		{00158913-B609-4A52-B6DC-B75BC3C5963E}.Debug|Any CPU.Build.0 = Debug|Any CPU
		{00158913-B609-4A52-B6DC-B75BC3C5963E}.Release|Any CPU.ActiveCfg = Release|Any CPU
		{00158913-B609-4A52-B6DC-B75BC3C5963E}.Release|Any CPU.Build.0 = Release|Any CPU
	EndGlobalSection
	GlobalSection(SolutionProperties) = preSolution
		HideSolutionNode = FALSE
	EndGlobalSection
	GlobalSection(ExtensibilityGlobals) = postSolution
		SolutionGuid = {D7BBE210-2316-425D-996A-2BFFB34AC951}
	EndGlobalSection
EndGlobal
