
Microsoft Visual Studio Solution File, Format Version 12.00
# Visual Studio Version 16
VisualStudioVersion = 16.0.31729.503
MinimumVisualStudioVersion = 10.0.40219.1
Project("{FAE04EC0-301F-11D3-BF4B-00C04F79EFBC}") = "proj2Aula2", "proj2Aula2\proj2Aula2.csproj", "{D70E2BC1-576E-4C7E-A1A0-D3F27519A925}"
EndProject
Global
	GlobalSection(SolutionConfigurationPlatforms) = preSolution
		Debug|Any CPU = Debug|Any CPU
		Release|Any CPU = Release|Any CPU
	EndGlobalSection
	GlobalSection(ProjectConfigurationPlatforms) = postSolution
		{D70E2BC1-576E-4C7E-A1A0-D3F27519A925}.Debug|Any CPU.ActiveCfg = Debug|Any CPU
		{D70E2BC1-576E-4C7E-A1A0-D3F27519A925}.Debug|Any CPU.Build.0 = Debug|Any CPU
		{D70E2BC1-576E-4C7E-A1A0-D3F27519A925}.Release|Any CPU.ActiveCfg = Release|Any CPU
		{D70E2BC1-576E-4C7E-A1A0-D3F27519A925}.Release|Any CPU.Build.0 = Release|Any CPU
	EndGlobalSection
	GlobalSection(SolutionProperties) = preSolution
		HideSolutionNode = FALSE
	EndGlobalSection
	GlobalSection(ExtensibilityGlobals) = postSolution
		SolutionGuid = {89EF7195-D578-4AB2-A993-D02124290615}
	EndGlobalSection
EndGlobal
