
Microsoft Visual Studio Solution File, Format Version 12.00
# Visual Studio Version 16
VisualStudioVersion = 16.0.31729.503
MinimumVisualStudioVersion = 10.0.40219.1
Project("{FAE04EC0-301F-11D3-BF4B-00C04F79EFBC}") = "proj3Aula3", "proj3Aula3\proj3Aula3.csproj", "{7FF44883-3B73-47A7-BD5D-4AA5E28A6F90}"
EndProject
Global
	GlobalSection(SolutionConfigurationPlatforms) = preSolution
		Debug|Any CPU = Debug|Any CPU
		Release|Any CPU = Release|Any CPU
	EndGlobalSection
	GlobalSection(ProjectConfigurationPlatforms) = postSolution
		{7FF44883-3B73-47A7-BD5D-4AA5E28A6F90}.Debug|Any CPU.ActiveCfg = Debug|Any CPU
		{7FF44883-3B73-47A7-BD5D-4AA5E28A6F90}.Debug|Any CPU.Build.0 = Debug|Any CPU
		{7FF44883-3B73-47A7-BD5D-4AA5E28A6F90}.Release|Any CPU.ActiveCfg = Release|Any CPU
		{7FF44883-3B73-47A7-BD5D-4AA5E28A6F90}.Release|Any CPU.Build.0 = Release|Any CPU
	EndGlobalSection
	GlobalSection(SolutionProperties) = preSolution
		HideSolutionNode = FALSE
	EndGlobalSection
	GlobalSection(ExtensibilityGlobals) = postSolution
		SolutionGuid = {76AFBCB8-E9BF-4990-AC58-0566F5FE9576}
	EndGlobalSection
EndGlobal
