
Microsoft Visual Studio Solution File, Format Version 12.00
# Visual Studio Version 16
VisualStudioVersion = 16.0.31729.503
MinimumVisualStudioVersion = 10.0.40219.1
Project("{FAE04EC0-301F-11D3-BF4B-00C04F79EFBC}") = "proj3Aula4", "proj3Aula4\proj3Aula4.csproj", "{87115DBC-3F8F-4F49-BC48-F131476EA8F8}"
EndProject
Global
	GlobalSection(SolutionConfigurationPlatforms) = preSolution
		Debug|Any CPU = Debug|Any CPU
		Release|Any CPU = Release|Any CPU
	EndGlobalSection
	GlobalSection(ProjectConfigurationPlatforms) = postSolution
		{87115DBC-3F8F-4F49-BC48-F131476EA8F8}.Debug|Any CPU.ActiveCfg = Debug|Any CPU
		{87115DBC-3F8F-4F49-BC48-F131476EA8F8}.Debug|Any CPU.Build.0 = Debug|Any CPU
		{87115DBC-3F8F-4F49-BC48-F131476EA8F8}.Release|Any CPU.ActiveCfg = Release|Any CPU
		{87115DBC-3F8F-4F49-BC48-F131476EA8F8}.Release|Any CPU.Build.0 = Release|Any CPU
	EndGlobalSection
	GlobalSection(SolutionProperties) = preSolution
		HideSolutionNode = FALSE
	EndGlobalSection
	GlobalSection(ExtensibilityGlobals) = postSolution
		SolutionGuid = {DF32F5B7-20E6-4F31-A36E-7E3C3D048436}
	EndGlobalSection
EndGlobal
